
Microsoft Visual Studio Solution File, Format Version 12.00
# Visual Studio Version 17
VisualStudioVersion = 17.4.33122.133
MinimumVisualStudioVersion = 10.0.40219.1
Project("{888888A0-9F3D-457C-B088-3A5042F75D52}") = "QUpdateTool", "QUpdateTool\QUpdateTool.pyproj", "{B1D85A7F-8AAE-4520-BA0F-6AA4A6150ADD}"
EndProject
Global
	GlobalSection(SolutionConfigurationPlatforms) = preSolution
		Debug|Any CPU = Debug|Any CPU
		Release|Any CPU = Release|Any CPU
	EndGlobalSection
	GlobalSection(ProjectConfigurationPlatforms) = postSolution
		{B1D85A7F-8AAE-4520-BA0F-6AA4A6150ADD}.Debug|Any CPU.ActiveCfg = Debug|Any CPU
		{B1D85A7F-8AAE-4520-BA0F-6AA4A6150ADD}.Release|Any CPU.ActiveCfg = Release|Any CPU
	EndGlobalSection
	GlobalSection(SolutionProperties) = preSolution
		HideSolutionNode = FALSE
	EndGlobalSection
	GlobalSection(ExtensibilityGlobals) = postSolution
		SolutionGuid = {6C61B4E7-54CF-4BAD-B157-FAA0D31CD306}
	EndGlobalSection
EndGlobal
